
Microsoft Visual Studio Solution File, Format Version 12.00
# Visual Studio Version 16
VisualStudioVersion = 16.0.29613.14
MinimumVisualStudioVersion = 10.0.40219.1
Project("{FAE04EC0-301F-11D3-BF4B-00C04F79EFBC}") = "AdminWebSite", "AdminWebSite\AdminWebSite.csproj", "{EBD91E2A-CE98-4FCD-82D9-ACF37A59EEFA}"
EndProject
Project("{FAE04EC0-301F-11D3-BF4B-00C04F79EFBC}") = "GameBLL", "..\..\GameBLL\GameBLL\GameBLL.csproj", "{B5C1D05A-0E11-41AD-8D5D-FDDDC1BDD809}"
EndProject
Project("{FAE04EC0-301F-11D3-BF4B-00C04F79EFBC}") = "GameDAL", "..\..\DAL\GameDAL\GameDAL.csproj", "{C9FF38E7-A48B-43B9-8841-5F9D5823DF92}"
EndProject
Global
	GlobalSection(SolutionConfigurationPlatforms) = preSolution
		Debug|Any CPU = Debug|Any CPU
		Release|Any CPU = Release|Any CPU
	EndGlobalSection
	GlobalSection(ProjectConfigurationPlatforms) = postSolution
		{EBD91E2A-CE98-4FCD-82D9-ACF37A59EEFA}.Debug|Any CPU.ActiveCfg = Debug|Any CPU
		{EBD91E2A-CE98-4FCD-82D9-ACF37A59EEFA}.Debug|Any CPU.Build.0 = Debug|Any CPU
		{EBD91E2A-CE98-4FCD-82D9-ACF37A59EEFA}.Release|Any CPU.ActiveCfg = Release|Any CPU
		{EBD91E2A-CE98-4FCD-82D9-ACF37A59EEFA}.Release|Any CPU.Build.0 = Release|Any CPU
		{B5C1D05A-0E11-41AD-8D5D-FDDDC1BDD809}.Debug|Any CPU.ActiveCfg = Debug|Any CPU
		{B5C1D05A-0E11-41AD-8D5D-FDDDC1BDD809}.Debug|Any CPU.Build.0 = Debug|Any CPU
		{B5C1D05A-0E11-41AD-8D5D-FDDDC1BDD809}.Release|Any CPU.ActiveCfg = Release|Any CPU
		{B5C1D05A-0E11-41AD-8D5D-FDDDC1BDD809}.Release|Any CPU.Build.0 = Release|Any CPU
		{C9FF38E7-A48B-43B9-8841-5F9D5823DF92}.Debug|Any CPU.ActiveCfg = Debug|Any CPU
		{C9FF38E7-A48B-43B9-8841-5F9D5823DF92}.Debug|Any CPU.Build.0 = Debug|Any CPU
		{C9FF38E7-A48B-43B9-8841-5F9D5823DF92}.Release|Any CPU.ActiveCfg = Release|Any CPU
		{C9FF38E7-A48B-43B9-8841-5F9D5823DF92}.Release|Any CPU.Build.0 = Release|Any CPU
	EndGlobalSection
	GlobalSection(SolutionProperties) = preSolution
		HideSolutionNode = FALSE
	EndGlobalSection
	GlobalSection(ExtensibilityGlobals) = postSolution
		SolutionGuid = {6296CDC8-4077-4280-AE9E-912FA4C9091D}
	EndGlobalSection
EndGlobal
