
Microsoft Visual Studio Solution File, Format Version 12.00
# Visual Studio Version 16
VisualStudioVersion = 16.0.29728.190
MinimumVisualStudioVersion = 10.0.40219.1
Project("{E24C65DC-7377-472B-9ABA-BC803B73C61A}") = "WCFGameService", "WCFGameService\", "{8436A863-B579-4CAD-ACA7-12CFB1CB6DCE}"
	ProjectSection(WebsiteProperties) = preProject
		TargetFrameworkMoniker = ".NETFramework,Version%3Dv4.7.2"
		ProjectReferences = "{b5c1d05a-0e11-41ad-8d5d-fdddc1bdd809}|GameBLL.dll;{c9ff38e7-a48b-43b9-8841-5f9d5823df92}|GameDAL.dll;"
		Debug.AspNetCompiler.VirtualPath = "/localhost_52143"
		Debug.AspNetCompiler.PhysicalPath = "WCFGameService\"
		Debug.AspNetCompiler.TargetPath = "PrecompiledWeb\localhost_52143\"
		Debug.AspNetCompiler.Updateable = "true"
		Debug.AspNetCompiler.ForceOverwrite = "true"
		Debug.AspNetCompiler.FixedNames = "false"
		Debug.AspNetCompiler.Debug = "True"
		Release.AspNetCompiler.VirtualPath = "/localhost_52143"
		Release.AspNetCompiler.PhysicalPath = "WCFGameService\"
		Release.AspNetCompiler.TargetPath = "PrecompiledWeb\localhost_52143\"
		Release.AspNetCompiler.Updateable = "true"
		Release.AspNetCompiler.ForceOverwrite = "true"
		Release.AspNetCompiler.FixedNames = "false"
		Release.AspNetCompiler.Debug = "False"
		VWDPort = "52143"
		SlnRelativePath = "WCFGameService\"
		DefaultWebSiteLanguage = "Visual C#"
	EndProjectSection
EndProject
Project("{FAE04EC0-301F-11D3-BF4B-00C04F79EFBC}") = "GameBLL", "..\..\GameBLL\GameBLL\GameBLL.csproj", "{B5C1D05A-0E11-41AD-8D5D-FDDDC1BDD809}"
EndProject
Project("{FAE04EC0-301F-11D3-BF4B-00C04F79EFBC}") = "GameDAL", "..\..\DAL\GameDAL\GameDAL.csproj", "{C9FF38E7-A48B-43B9-8841-5F9D5823DF92}"
EndProject
Global
	GlobalSection(SolutionConfigurationPlatforms) = preSolution
		Debug|Any CPU = Debug|Any CPU
		Release|Any CPU = Release|Any CPU
	EndGlobalSection
	GlobalSection(ProjectConfigurationPlatforms) = postSolution
		{8436A863-B579-4CAD-ACA7-12CFB1CB6DCE}.Debug|Any CPU.ActiveCfg = Debug|Any CPU
		{8436A863-B579-4CAD-ACA7-12CFB1CB6DCE}.Debug|Any CPU.Build.0 = Debug|Any CPU
		{8436A863-B579-4CAD-ACA7-12CFB1CB6DCE}.Release|Any CPU.ActiveCfg = Debug|Any CPU
		{8436A863-B579-4CAD-ACA7-12CFB1CB6DCE}.Release|Any CPU.Build.0 = Debug|Any CPU
		{B5C1D05A-0E11-41AD-8D5D-FDDDC1BDD809}.Debug|Any CPU.ActiveCfg = Debug|Any CPU
		{B5C1D05A-0E11-41AD-8D5D-FDDDC1BDD809}.Debug|Any CPU.Build.0 = Debug|Any CPU
		{B5C1D05A-0E11-41AD-8D5D-FDDDC1BDD809}.Release|Any CPU.ActiveCfg = Release|Any CPU
		{B5C1D05A-0E11-41AD-8D5D-FDDDC1BDD809}.Release|Any CPU.Build.0 = Release|Any CPU
		{C9FF38E7-A48B-43B9-8841-5F9D5823DF92}.Debug|Any CPU.ActiveCfg = Debug|Any CPU
		{C9FF38E7-A48B-43B9-8841-5F9D5823DF92}.Debug|Any CPU.Build.0 = Debug|Any CPU
		{C9FF38E7-A48B-43B9-8841-5F9D5823DF92}.Release|Any CPU.ActiveCfg = Release|Any CPU
		{C9FF38E7-A48B-43B9-8841-5F9D5823DF92}.Release|Any CPU.Build.0 = Release|Any CPU
	EndGlobalSection
	GlobalSection(SolutionProperties) = preSolution
		HideSolutionNode = FALSE
	EndGlobalSection
	GlobalSection(ExtensibilityGlobals) = postSolution
		SolutionGuid = {EC29CF65-1DA4-4B0A-B37F-BD8E9D2990AC}
	EndGlobalSection
EndGlobal
