
Microsoft Visual Studio Solution File, Format Version 12.00
# Visual Studio 15
VisualStudioVersion = 15.0.28307.757
MinimumVisualStudioVersion = 10.0.40219.1
Project("{FAE04EC0-301F-11D3-BF4B-00C04F79EFBC}") = "GameBLL", "GameBLL\GameBLL.csproj", "{B5C1D05A-0E11-41AD-8D5D-FDDDC1BDD809}"
EndProject
Project("{FAE04EC0-301F-11D3-BF4B-00C04F79EFBC}") = "GameDAL", "..\DAL\GameDAL\GameDAL.csproj", "{C9FF38E7-A48B-43B9-8841-5F9D5823DF92}"
EndProject
Global
	GlobalSection(SolutionConfigurationPlatforms) = preSolution
		Debug|Any CPU = Debug|Any CPU
		Release|Any CPU = Release|Any CPU
	EndGlobalSection
	GlobalSection(ProjectConfigurationPlatforms) = postSolution
		{B5C1D05A-0E11-41AD-8D5D-FDDDC1BDD809}.Debug|Any CPU.ActiveCfg = Debug|Any CPU
		{B5C1D05A-0E11-41AD-8D5D-FDDDC1BDD809}.Debug|Any CPU.Build.0 = Debug|Any CPU
		{B5C1D05A-0E11-41AD-8D5D-FDDDC1BDD809}.Release|Any CPU.ActiveCfg = Release|Any CPU
		{B5C1D05A-0E11-41AD-8D5D-FDDDC1BDD809}.Release|Any CPU.Build.0 = Release|Any CPU
		{C9FF38E7-A48B-43B9-8841-5F9D5823DF92}.Debug|Any CPU.ActiveCfg = Debug|Any CPU
		{C9FF38E7-A48B-43B9-8841-5F9D5823DF92}.Debug|Any CPU.Build.0 = Debug|Any CPU
		{C9FF38E7-A48B-43B9-8841-5F9D5823DF92}.Release|Any CPU.ActiveCfg = Release|Any CPU
		{C9FF38E7-A48B-43B9-8841-5F9D5823DF92}.Release|Any CPU.Build.0 = Release|Any CPU
	EndGlobalSection
	GlobalSection(SolutionProperties) = preSolution
		HideSolutionNode = FALSE
	EndGlobalSection
	GlobalSection(ExtensibilityGlobals) = postSolution
		SolutionGuid = {27FBF1C5-6B43-47FF-AEB5-3400947A2342}
	EndGlobalSection
EndGlobal
